
Microsoft Visual Studio Solution File, Format Version 12.00
# Visual Studio Version 16
VisualStudioVersion = 16.0.29709.97
MinimumVisualStudioVersion = 10.0.40219.1
Project("{9A19103F-16F7-4668-BE54-9A1E7A4F7556}") = "WebApi", "WaterBillAPI2\WebApi.csproj", "{2FD1A95D-6EF8-438B-99C9-54A7CD756522}"
EndProject
Global
	GlobalSection(SolutionConfigurationPlatforms) = preSolution
		Debug|Any CPU = Debug|Any CPU
		Release|Any CPU = Release|Any CPU
	EndGlobalSection
	GlobalSection(ProjectConfigurationPlatforms) = postSolution
		{2FD1A95D-6EF8-438B-99C9-54A7CD756522}.Debug|Any CPU.ActiveCfg = Debug|Any CPU
		{2FD1A95D-6EF8-438B-99C9-54A7CD756522}.Debug|Any CPU.Build.0 = Debug|Any CPU
		{2FD1A95D-6EF8-438B-99C9-54A7CD756522}.Release|Any CPU.ActiveCfg = Release|Any CPU
		{2FD1A95D-6EF8-438B-99C9-54A7CD756522}.Release|Any CPU.Build.0 = Release|Any CPU
	EndGlobalSection
	GlobalSection(SolutionProperties) = preSolution
		HideSolutionNode = FALSE
	EndGlobalSection
	GlobalSection(ExtensibilityGlobals) = postSolution
		SolutionGuid = {CC85CEE8-BB6C-4522-8A91-50629CC6CCB9}
	EndGlobalSection
EndGlobal
